cookbook 'elasticsearch', :path => '/Users/karmi/Playground/ElasticSearch/Varia/cookbook-elasticsearch'
cookbook 'apt', :git => 'git://github.com/opscode-cookbooks/apt.git', :ref => '27a63b72ada97ff716901ee7d6a86315767672e0'
cookbook 'yum', :git => 'git://github.com/opscode-cookbooks/yum.git', :ref => '11d24bfea28455e55484ecbce407eebdb92b8adc'
cookbook 'ark', :git => 'git://github.com/opscode-cookbooks/ark.git', :ref => '0.2.4'
cookbook 'java', :git => 'git://github.com/opscode-cookbooks/java.git', :ref => '4d3aa1007040374b6b182d964bf24be6272d95ad'
cookbook 'monit', :git => 'git://github.com/apsoto/monit.git', :ref => '6d3eb121ce84dca013e133e7666c14a9b797274c'
cookbook 'vim', :locked_version => '1.0.2'
cookbook 'minitest-handler', :git => 'git://github.com/btm/minitest-handler-cookbook.git', :ref => '88fe4f4ad18ad06d7b095faa73ef0d121f146f03'
cookbook 'build-essential', :locked_version => '1.1.0'
cookbook 'xml', :locked_version => '1.0.4'
cookbook 'windows', :locked_version => '1.7.0'
cookbook 'chef_handler', :locked_version => '1.0.8'
cookbook 'aws', :locked_version => '0.101.4'